schema: '2.0'
stages:
  preprocess:
    cmd: python src/preprocess.py
    deps:
    - path: data/raw_dataset.csv
      hash: md5
      md5: 0e4295d96e41ac07544b17e582f4187f
      size: 4487
    - path: src/preprocess.py
      hash: md5
      md5: 6c6791cde8d774b52142497d754d7364
      size: 176
    outs:
    - path: data/processed_dataset.csv
      hash: md5
      md5: f496619b5f10fe2b5600f606840d3bc5
      size: 4788
  feature_engineering:
    cmd: python src/features.py
    deps:
    - path: data/processed_dataset.csv
      hash: md5
      md5: f496619b5f10fe2b5600f606840d3bc5
      size: 4788
    - path: src/features.py
      hash: md5
      md5: c88f652d065aeeef2a1f417b8a177f49
      size: 394
    outs:
    - path: data/features.csv
      hash: md5
      md5: 3053197189a0ac5b721fa8dbafd194f3
      size: 5782
  train:
    cmd: python src/train.py
    deps:
    - path: data/features.csv
      hash: md5
      md5: 3053197189a0ac5b721fa8dbafd194f3
      size: 5782
    - path: src/train.py
      hash: md5
      md5: b0ed25a9d480777a414639f741841bbe
      size: 607
    outs:
    - path: metrics.json
      hash: md5
      md5: 9645352ddefa4805296d0798552cc69d
      size: 32
    - path: models/model.pkl
      hash: md5
      md5: 939037099b9996832604260f6349d750
      size: 1231
  evaluate:
    cmd: python src/evaluate.py
    deps:
    - path: models/model.pkl
      hash: md5
      md5: 939037099b9996832604260f6349d750
      size: 1231
    - path: src/evaluate.py
      hash: md5
      md5: d0364ff0e8ae5ae0875c2bace5fcc9d9
      size: 559
    outs:
    - path: metrics.txt
      hash: md5
      md5: a5fb2d64260d3cfb7f263f94035224f6
      size: 31
